
Microsoft Visual Studio Solution File, Format Version 12.00
Project("{FAE04EC0-301F-11D3-BF4B-00C04F79EFBC}") = "ConsoleApp1", "ConsoleApp1\ConsoleApp1.csproj", "{C2C59259-E883-4FB6-8DF6-C4FBEB786B9A}"
EndProject
Global
	GlobalSection(SolutionConfigurationPlatforms) = preSolution
		Debug|Any CPU = Debug|Any CPU
		Release|Any CPU = Release|Any CPU
	EndGlobalSection
	GlobalSection(ProjectConfigurationPlatforms) = postSolution
		{C2C59259-E883-4FB6-8DF6-C4FBEB786B9A}.Debug|Any CPU.ActiveCfg = Debug|Any CPU
		{C2C59259-E883-4FB6-8DF6-C4FBEB786B9A}.Debug|Any CPU.Build.0 = Debug|Any CPU
		{C2C59259-E883-4FB6-8DF6-C4FBEB786B9A}.Release|Any CPU.ActiveCfg = Release|Any CPU
		{C2C59259-E883-4FB6-8DF6-C4FBEB786B9A}.Release|Any CPU.Build.0 = Release|Any CPU
	EndGlobalSection
EndGlobal
